// !$*UTF8*$!
{
	archiveVersion = 1;
	classes = {
	};
	objectVersion = 55;
	objects = {

/* Begin PBXBuildFile section */
		5046EBE628D9B9B300438DD6 /* graphics in Resources */ = {isa = PBXBuildFile; fileRef = 5046EBE328D9B9B300438DD6 /* graphics */; };
		5046EBE728D9B9B300438DD6 /* sound in Resources */ = {isa = PBXBuildFile; fileRef = 5046EBE428D9B9B300438DD6 /* sound */; };
		5046EBE828D9B9B300438DD6 /* fonts in Resources */ = {isa = PBXBuildFile; fileRef = 5046EBE528D9B9B300438DD6 /* fonts */; };
		507CF7EF28D9B5A2004674BA /* sfml-graphics.framework in Frameworks */ = {isa = PBXBuildFile; fileRef = 507CF7E928D9B5A2004674BA /* sfml-graphics.framework */; };
		507CF7F028D9B5A2004674BA /* sfml-system.framework in Frameworks */ = {isa = PBXBuildFile; fileRef = 507CF7EA28D9B5A2004674BA /* sfml-system.framework */; };
		507CF7F128D9B5A2004674BA /* sfml-window.framework in Frameworks */ = {isa = PBXBuildFile; fileRef = 507CF7EB28D9B5A2004674BA /* sfml-window.framework */; };
		507CF7F228D9B5A2004674BA /* SFML.framework in Frameworks */ = {isa = PBXBuildFile; fileRef = 507CF7EC28D9B5A2004674BA /* SFML.framework */; };
		507CF7F328D9B5A2004674BA /* sfml-audio.framework in Frameworks */ = {isa = PBXBuildFile; fileRef = 507CF7ED28D9B5A2004674BA /* sfml-audio.framework */; };
		507CF7F428D9B5A2004674BA /* sfml-network.framework in Frameworks */ = {isa = PBXBuildFile; fileRef = 507CF7EE28D9B5A2004674BA /* sfml-network.framework */; };
		50FA701928D13043007E1D87 /* main.cpp in Sources */ = {isa = PBXBuildFile; fileRef = 50FA701828D13043007E1D87 /* main.cpp */; };
/* End PBXBuildFile section */

/* Begin PBXFileReference section */
		5046EBE328D9B9B300438DD6 /* graphics */ = {isa = PBXFileReference; lastKnownFileType = folder; path = graphics; sourceTree = "<group>"; };
		5046EBE428D9B9B300438DD6 /* sound */ = {isa = PBXFileReference; lastKnownFileType = folder; path = sound; sourceTree = "<group>"; };
		5046EBE528D9B9B300438DD6 /* fonts */ = {isa = PBXFileReference; lastKnownFileType = folder; path = fonts; sourceTree = "<group>"; };
		505F8E4828D25C7600350B9F /* Timber.entitlements */ = {isa = PBXFileReference; lastKnownFileType = text.plist.entitlements; path = Timber.entitlements; sourceTree = "<group>"; };
		507CF7E928D9B5A2004674BA /* sfml-graphics.framework */ = {isa = PBXFileReference; lastKnownFileType = wrapper.framework; name = "sfml-graphics.framework"; path = "../../../../../../../Downloads/SFML/Frameworks/sfml-graphics.framework"; sourceTree = "<group>"; };
		507CF7EA28D9B5A2004674BA /* sfml-system.framework */ = {isa = PBXFileReference; lastKnownFileType = wrapper.framework; name = "sfml-system.framework"; path = "../../../../../../../Downloads/SFML/Frameworks/sfml-system.framework"; sourceTree = "<group>"; };
		507CF7EB28D9B5A2004674BA /* sfml-window.framework */ = {isa = PBXFileReference; lastKnownFileType = wrapper.framework; name = "sfml-window.framework"; path = "../../../../../../../Downloads/SFML/Frameworks/sfml-window.framework"; sourceTree = "<group>"; };
		507CF7EC28D9B5A2004674BA /* SFML.framework */ = {isa = PBXFileReference; lastKnownFileType = wrapper.framework; name = SFML.framework; path = ../../../../../../../Downloads/SFML/Frameworks/SFML.framework; sourceTree = "<group>"; };
		507CF7ED28D9B5A2004674BA /* sfml-audio.framework */ = {isa = PBXFileReference; lastKnownFileType = wrapper.framework; name = "sfml-audio.framework"; path = "../../../../../../../Downloads/SFML/Frameworks/sfml-audio.framework"; sourceTree = "<group>"; };
		507CF7EE28D9B5A2004674BA /* sfml-network.framework */ = {isa = PBXFileReference; lastKnownFileType = wrapper.framework; name = "sfml-network.framework"; path = "../../../../../../../Downloads/SFML/Frameworks/sfml-network.framework"; sourceTree = "<group>"; };
		50FA701028D13043007E1D87 /* Timber.app */ = {isa = PBXFileReference; explicitFileType = wrapper.application; includeInIndex = 0; path = Timber.app; sourceTree = BUILT_PRODUCTS_DIR; };
		50FA701828D13043007E1D87 /* main.cpp */ = {isa = PBXFileReference; lastKnownFileType = sourcecode.cpp.cpp; path = main.cpp; sourceTree = "<group>"; };
		50FA705328D13F36007E1D87 /* libsfml-system.2.5.1.dylib */ = {isa = PBXFileReference; lastKnownFileType = "compiled.mach-o.dylib"; name = "libsfml-system.2.5.1.dylib"; path = "SFML/lib/libsfml-system.2.5.1.dylib"; sourceTree = "<group>"; };
		50FA705428D13F36007E1D87 /* libsfml-window.2.5.1.dylib */ = {isa = PBXFileReference; lastKnownFileType = "compiled.mach-o.dylib"; name = "libsfml-window.2.5.1.dylib"; path = "SFML/lib/libsfml-window.2.5.1.dylib"; sourceTree = "<group>"; };
		50FA705528D13F36007E1D87 /* libsfml-network.2.5.1.dylib */ = {isa = PBXFileReference; lastKnownFileType = "compiled.mach-o.dylib"; name = "libsfml-network.2.5.1.dylib"; path = "SFML/lib/libsfml-network.2.5.1.dylib"; sourceTree = "<group>"; };
		50FA705628D13F36007E1D87 /* libsfml-audio.2.5.1.dylib */ = {isa = PBXFileReference; lastKnownFileType = "compiled.mach-o.dylib"; name = "libsfml-audio.2.5.1.dylib"; path = "SFML/lib/libsfml-audio.2.5.1.dylib"; sourceTree = "<group>"; };
		50FA705728D13F36007E1D87 /* libsfml-graphics.2.5.1.dylib */ = {isa = PBXFileReference; lastKnownFileType = "compiled.mach-o.dylib"; name = "libsfml-graphics.2.5.1.dylib"; path = "SFML/lib/libsfml-graphics.2.5.1.dylib"; sourceTree = "<group>"; };
/* End PBXFileReference section */

/* Begin PBXFrameworksBuildPhase section */
		50FA700C28D13043007E1D87 /* Frameworks */ = {
			isa = PBXFrameworksBuildPhase;
			buildActionMask = 2147483647;
			files = (
				507CF7EF28D9B5A2004674BA /* sfml-graphics.framework in Frameworks */,
				507CF7F028D9B5A2004674BA /* sfml-system.framework in Frameworks */,
				507CF7F128D9B5A2004674BA /* sfml-window.framework in Frameworks */,
				507CF7F228D9B5A2004674BA /* SFML.framework in Frameworks */,
				507CF7F328D9B5A2004674BA /* sfml-audio.framework in Frameworks */,
				507CF7F428D9B5A2004674BA /* sfml-network.framework in Frameworks */,
			);
			runOnlyForDeploymentPostprocessing = 0;
		};
/* End PBXFrameworksBuildPhase section */

/* Begin PBXGroup section */
		507CF7E828D9AEF2004674BA /* Resources */ = {
			isa = PBXGroup;
			children = (
				5046EBE528D9B9B300438DD6 /* fonts */,
				5046EBE328D9B9B300438DD6 /* graphics */,
				5046EBE428D9B9B300438DD6 /* sound */,
			);
			path = Resources;
			sourceTree = "<group>";
		};
		50FA700628D13043007E1D87 = {
			isa = PBXGroup;
			children = (
				507CF7E828D9AEF2004674BA /* Resources */,
				50FA701228D13043007E1D87 /* Timber */,
				50FA701128D13043007E1D87 /* Products */,
				50FA705228D13F36007E1D87 /* Frameworks */,
			);
			sourceTree = "<group>";
		};
		50FA701128D13043007E1D87 /* Products */ = {
			isa = PBXGroup;
			children = (
				50FA701028D13043007E1D87 /* Timber.app */,
			);
			name = Products;
			sourceTree = "<group>";
		};
		50FA701228D13043007E1D87 /* Timber */ = {
			isa = PBXGroup;
			children = (
				505F8E4828D25C7600350B9F /* Timber.entitlements */,
				50FA701828D13043007E1D87 /* main.cpp */,
			);
			path = Timber;
			sourceTree = "<group>";
		};
		50FA705228D13F36007E1D87 /* Frameworks */ = {
			isa = PBXGroup;
			children = (
				507CF7ED28D9B5A2004674BA /* sfml-audio.framework */,
				507CF7E928D9B5A2004674BA /* sfml-graphics.framework */,
				507CF7EE28D9B5A2004674BA /* sfml-network.framework */,
				507CF7EA28D9B5A2004674BA /* sfml-system.framework */,
				507CF7EB28D9B5A2004674BA /* sfml-window.framework */,
				507CF7EC28D9B5A2004674BA /* SFML.framework */,
				50FA705628D13F36007E1D87 /* libsfml-audio.2.5.1.dylib */,
				50FA705728D13F36007E1D87 /* libsfml-graphics.2.5.1.dylib */,
				50FA705528D13F36007E1D87 /* libsfml-network.2.5.1.dylib */,
				50FA705328D13F36007E1D87 /* libsfml-system.2.5.1.dylib */,
				50FA705428D13F36007E1D87 /* libsfml-window.2.5.1.dylib */,
			);
			name = Frameworks;
			sourceTree = "<group>";
		};
/* End PBXGroup section */

/* Begin PBXNativeTarget section */
		50FA700F28D13043007E1D87 /* Timber */ = {
			isa = PBXNativeTarget;
			buildConfigurationList = 50FA702528D13043007E1D87 /* Build configuration list for PBXNativeTarget "Timber" */;
			buildPhases = (
				50FA700B28D13043007E1D87 /* Sources */,
				50FA700C28D13043007E1D87 /* Frameworks */,
				50FA700D28D13043007E1D87 /* Resources */,
				50FA700E28D13043007E1D87 /* ShellScript */,
			);
			buildRules = (
			);
			dependencies = (
			);
			name = Timber;
			productName = Timber;
			productReference = 50FA701028D13043007E1D87 /* Timber.app */;
			productType = "com.apple.product-type.application";
		};
/* End PBXNativeTarget section */

/* Begin PBXProject section */
		50FA700728D13043007E1D87 /* Project object */ = {
			isa = PBXProject;
			attributes = {
				BuildIndependentTargetsInParallel = 1;
				LastUpgradeCheck = 1400;
				ORGANIZATIONNAME = "Cian Farrell";
				TargetAttributes = {
					50FA700F28D13043007E1D87 = {
						CreatedOnToolsVersion = 13.4.1;
					};
				};
			};
			buildConfigurationList = 50FA700A28D13043007E1D87 /* Build configuration list for PBXProject "Timber" */;
			compatibilityVersion = "Xcode 13.0";
			developmentRegion = en;
			hasScannedForEncodings = 0;
			knownRegions = (
				en,
				Base,
			);
			mainGroup = 50FA700628D13043007E1D87;
			productRefGroup = 50FA701128D13043007E1D87 /* Products */;
			projectDirPath = "";
			projectRoot = "";
			targets = (
				50FA700F28D13043007E1D87 /* Timber */,
			);
		};
/* End PBXProject section */

/* Begin PBXResourcesBuildPhase section */
		50FA700D28D13043007E1D87 /* Resources */ = {
			isa = PBXResourcesBuildPhase;
			buildActionMask = 2147483647;
			files = (
				5046EBE828D9B9B300438DD6 /* fonts in Resources */,
				5046EBE728D9B9B300438DD6 /* sound in Resources */,
				5046EBE628D9B9B300438DD6 /* graphics in Resources */,
			);
			runOnlyForDeploymentPostprocessing = 0;
		};
/* End PBXResourcesBuildPhase section */

/* Begin PBXShellScriptBuildPhase section */
		50FA700E28D13043007E1D87 /* ShellScript */ = {
			isa = PBXShellScriptBuildPhase;
			buildActionMask = 8;
			files = (
			);
			inputFileListPaths = (
			);
			inputPaths = (
			);
			outputFileListPaths = (
			);
			outputPaths = (
			);
			runOnlyForDeploymentPostprocessing = 1;
			shellPath = /bin/sh;
			shellScript = "# This shell script simply copies required SFML dylibs/frameworks into the application bundle frameworks folder.\n# If you're using static libraries (which is not recommended) you should remove this script from your project.\n\n# SETTINGS\nSFML_DEPENDENCIES_INSTALL_PREFIX=\"/Users/SFML/Desktop/packaging/tmp/install/Library/Frameworks\"\nCMAKE_INSTALL_FRAMEWORK_PREFIX=\"/Users/SFML/Desktop/packaging/tmp/install/Library/Frameworks\"\nCMAKE_INSTALL_LIB_PREFIX=\"/Users/SFML/Desktop/packaging/tmp/install/Library/Frameworks/lib\"\nFRAMEWORKS_FULL_PATH=\"$BUILT_PRODUCTS_DIR/$FRAMEWORKS_FOLDER_PATH/\"\n\n# Are we building a project that uses frameworks or dylibs?\ncase \"$SFML_BINARY_TYPE\" in\n    DYLIBS)\n        frameworks=\"false\"\n        ;;\n    *)\n        frameworks=\"true\"\n        ;;\nesac\n\n# Echoes to stderr\nerror () # $* message to display\n{\n    echo $* 1>&2\n    exit 2\n}\n\nassert () # $1 is a boolean, $2...N is an error message\n{\n    if [ $# -lt 2 ]\n    then\n        error \"Internal error in assert: not enough args\"\n    fi\n\n    if [ $1 -ne 0 ]\n    then\n        shift\n        error \"$*\"\n    fi\n}\n\nforce_remove () # $@ is some paths\n{\n    test $# -ge 1\n    assert $? \"force_remove() requires at least one parameter\"\n    rm -fr $@\n    assert $? \"couldn't remove $@\"\n}\n\ncopy () # $1 is a source, $2 is a destination\n{\n    test $# -eq 2\n    assert $? \"copy() requires two parameters\"\n    ditto \"$1\" \"$2\"\n    assert $? \"couldn't copy $1 to $2\"\n}\n\nrequire () # $1 is a SFML module like 'system' or 'audio'\n{\n    dest=\"$BUILT_PRODUCTS_DIR/$FRAMEWORKS_FOLDER_PATH/\"\n\n    if [ -z \"$1\" ]\n    then\n        error \"require() requires one parameter!\"\n    else\n        # clean potentially old stuff\n        force_remove \"$dest/libsfml-$1\"*\n        force_remove \"$dest/sfml-$1.framework\"\n\n        # copy SFML libraries\n        if [ \"$frameworks\" = \"true\" ]\n        then\n            source=\"$CMAKE_INSTALL_FRAMEWORK_PREFIX/sfml-$1.framework\"\n            target=\"sfml-$1.framework\"\n        elif [ \"$SFML_LINK_DYLIBS_SUFFIX\" = \"-d\" ]\n        then\n            source=\"$CMAKE_INSTALL_LIB_PREFIX/libsfml-$1-d.dylib\"\n            target=\"`readlink $source`\"\n        else\n            source=\"$CMAKE_INSTALL_LIB_PREFIX/libsfml-$1.dylib\"\n            target=\"`readlink $source`\"\n        fi\n\n        copy \"$source\" \"$dest/$target\"\n\n        # copy extra dependencies\n        if [ \"$1\" = \"audio\" ]\n        then\n            # copy \"FLAC\" \"ogg\" \"vorbis\" \"vorbisenc\" \"vorbisfile\" \"OpenAL\" frameworks too\n            for f in \"FLAC\" \"ogg\" \"vorbis\" \"vorbisenc\" \"vorbisfile\" \"OpenAL\"\n            do\n                copy \"$SFML_DEPENDENCIES_INSTALL_PREFIX/$f.framework\" \"$dest/$f.framework\"\n            done\n        elif [ \"$1\" = \"graphics\" ]\n        then\n            copy \"$SFML_DEPENDENCIES_INSTALL_PREFIX/freetype.framework\" \"$dest/freetype.framework\"\n        fi\n    fi\n}\n\nif [ -n \"$SFML_SYSTEM\" ]\nthen\n    require \"system\"\nfi\n\nif [ -n \"$SFML_AUDIO\" ]\nthen\n    require \"audio\"\nfi\n\nif [ -n \"$SFML_NETWORK\" ]\nthen\n    require \"network\"\nfi\n\nif [ -n \"$SFML_WINDOW\" ]\nthen\n    require \"window\"\nfi\n\nif [ -n \"$SFML_GRAPHICS\" ]\nthen\n    require \"graphics\"\nfi\n\n                \n";
		};
/* End PBXShellScriptBuildPhase section */

/* Begin PBXSourcesBuildPhase section */
		50FA700B28D13043007E1D87 /* Sources */ = {
			isa = PBXSourcesBuildPhase;
			buildActionMask = 2147483647;
			files = (
				50FA701928D13043007E1D87 /* main.cpp in Sources */,
			);
			runOnlyForDeploymentPostprocessing = 0;
		};
/* End PBXSourcesBuildPhase section */

/* Begin XCBuildConfiguration section */
		50FA702328D13043007E1D87 /* Debug */ = {
			isa = XCBuildConfiguration;
			buildSettings = {
				ARCHS = "$(ARCHS_STANDARD)";
				CLANG_CXX_LANGUAGE_STANDARD = "c++11";
				CLANG_CXX_LIBRARY = "libc++";
				CLANG_WARN_BLOCK_CAPTURE_AUTORELEASING = YES;
				CLANG_WARN_BOOL_CONVERSION = YES;
				CLANG_WARN_COMMA = YES;
				CLANG_WARN_CONSTANT_CONVERSION = YES;
				CLANG_WARN_DEPRECATED_OBJC_IMPLEMENTATIONS = YES;
				CLANG_WARN_EMPTY_BODY = YES;
				CLANG_WARN_ENUM_CONVERSION = YES;
				CLANG_WARN_INFINITE_RECURSION = YES;
				CLANG_WARN_INT_CONVERSION = YES;
				CLANG_WARN_NON_LITERAL_NULL_CONVERSION = YES;
				CLANG_WARN_OBJC_IMPLICIT_RETAIN_SELF = YES;
				CLANG_WARN_OBJC_LITERAL_CONVERSION = YES;
				CLANG_WARN_QUOTED_INCLUDE_IN_FRAMEWORK_HEADER = YES;
				CLANG_WARN_RANGE_LOOP_ANALYSIS = YES;
				CLANG_WARN_STRICT_PROTOTYPES = YES;
				CLANG_WARN_SUSPICIOUS_MOVE = YES;
				CLANG_WARN_UNREACHABLE_CODE = YES;
				CLANG_WARN__DUPLICATE_METHOD_MATCH = YES;
				DEAD_CODE_STRIPPING = YES;
				ENABLE_STRICT_OBJC_MSGSEND = YES;
				ENABLE_TESTABILITY = YES;
				EXCLUDED_ARCHS = arm64;
				FRAMEWORK_SEARCH_PATHS = (
					/Library/Frameworks/,
					"$(inherited)",
				);
				GCC_NO_COMMON_BLOCKS = YES;
				GCC_VERSION = com.apple.compilers.llvm.clang.1_0;
				GCC_WARN_64_TO_32_BIT_CONVERSION = YES;
				GCC_WARN_ABOUT_RETURN_TYPE = YES;
				GCC_WARN_UNDECLARED_SELECTOR = YES;
				GCC_WARN_UNINITIALIZED_AUTOS = YES;
				GCC_WARN_UNUSED_FUNCTION = YES;
				GCC_WARN_UNUSED_VARIABLE = YES;
				HEADER_SEARCH_PATHS = (
					/usr/local/include/,
					"$(inherited)",
				);
				LIBRARY_SEARCH_PATHS = (
					/usr/local/lib/,
					"$(inherited)",
				);
				MACOSX_DEPLOYMENT_TARGET = 12.3;
				ONLY_ACTIVE_ARCH = YES;
				OTHER_LDFLAGS = (
					"$(inherited)",
					"$(SFML_SYSTEM)",
					"$(SFML_WINDOW)",
					"$(SFML_GRAPHICS)",
					"$(SFML_AUDIO)",
					"$(SFML_NETWORK)",
				);
				SFML_AUDIO = "$(SFML_LINK_PREFIX) sfml-audio$(SFML_LINK_SUFFIX)";
				SFML_BINARY_TYPE = FRAMEWORKS;
				SFML_GRAPHICS = "$(SFML_LINK_PREFIX) sfml-graphics$(SFML_LINK_SUFFIX)";
				SFML_LINK_DYLIBS_PREFIX = "-l";
				SFML_LINK_DYLIBS_SUFFIX = "";
				SFML_LINK_FRAMEWORKS_PREFIX = "-framework";
				SFML_LINK_FRAMEWORKS_SUFFIX = "";
				SFML_LINK_PREFIX = "$(SFML_LINK_$(SFML_BINARY_TYPE)_PREFIX)";
				SFML_LINK_SUFFIX = "$(SFML_LINK_$(SFML_BINARY_TYPE)_SUFFIX)";
				SFML_NETWORK = "$(SFML_LINK_PREFIX) sfml-network$(SFML_LINK_SUFFIX)";
				SFML_SYSTEM = "$(SFML_LINK_PREFIX) sfml-system$(SFML_LINK_SUFFIX)";
				SFML_WINDOW = "$(SFML_LINK_PREFIX) sfml-window$(SFML_LINK_SUFFIX)";
				SUPPORTED_PLATFORMS = macosx;
			};
			name = Debug;
		};
		50FA702428D13043007E1D87 /* Release */ = {
			isa = XCBuildConfiguration;
			buildSettings = {
				ARCHS = "$(ARCHS_STANDARD)";
				CLANG_CXX_LANGUAGE_STANDARD = "c++11";
				CLANG_CXX_LIBRARY = "libc++";
				CLANG_WARN_BLOCK_CAPTURE_AUTORELEASING = YES;
				CLANG_WARN_BOOL_CONVERSION = YES;
				CLANG_WARN_COMMA = YES;
				CLANG_WARN_CONSTANT_CONVERSION = YES;
				CLANG_WARN_DEPRECATED_OBJC_IMPLEMENTATIONS = YES;
				CLANG_WARN_EMPTY_BODY = YES;
				CLANG_WARN_ENUM_CONVERSION = YES;
				CLANG_WARN_INFINITE_RECURSION = YES;
				CLANG_WARN_INT_CONVERSION = YES;
				CLANG_WARN_NON_LITERAL_NULL_CONVERSION = YES;
				CLANG_WARN_OBJC_IMPLICIT_RETAIN_SELF = YES;
				CLANG_WARN_OBJC_LITERAL_CONVERSION = YES;
				CLANG_WARN_QUOTED_INCLUDE_IN_FRAMEWORK_HEADER = YES;
				CLANG_WARN_RANGE_LOOP_ANALYSIS = YES;
				CLANG_WARN_STRICT_PROTOTYPES = YES;
				CLANG_WARN_SUSPICIOUS_MOVE = YES;
				CLANG_WARN_UNREACHABLE_CODE = YES;
				CLANG_WARN__DUPLICATE_METHOD_MATCH = YES;
				DEAD_CODE_STRIPPING = YES;
				ENABLE_STRICT_OBJC_MSGSEND = YES;
				EXCLUDED_ARCHS = arm64;
				FRAMEWORK_SEARCH_PATHS = (
					/Library/Frameworks/,
					"$(inherited)",
				);
				GCC_NO_COMMON_BLOCKS = YES;
				GCC_VERSION = com.apple.compilers.llvm.clang.1_0;
				GCC_WARN_64_TO_32_BIT_CONVERSION = YES;
				GCC_WARN_ABOUT_RETURN_TYPE = YES;
				GCC_WARN_UNDECLARED_SELECTOR = YES;
				GCC_WARN_UNINITIALIZED_AUTOS = YES;
				GCC_WARN_UNUSED_FUNCTION = YES;
				GCC_WARN_UNUSED_VARIABLE = YES;
				HEADER_SEARCH_PATHS = (
					/usr/local/include/,
					"$(inherited)",
				);
				LIBRARY_SEARCH_PATHS = (
					/usr/local/lib/,
					"$(inherited)",
				);
				MACOSX_DEPLOYMENT_TARGET = 12.3;
				OTHER_LDFLAGS = (
					"$(inherited)",
					"$(SFML_SYSTEM)",
					"$(SFML_WINDOW)",
					"$(SFML_GRAPHICS)",
					"$(SFML_AUDIO)",
					"$(SFML_NETWORK)",
				);
				SFML_AUDIO = "$(SFML_LINK_PREFIX) sfml-audio$(SFML_LINK_SUFFIX)";
				SFML_BINARY_TYPE = FRAMEWORKS;
				SFML_GRAPHICS = "$(SFML_LINK_PREFIX) sfml-graphics$(SFML_LINK_SUFFIX)";
				SFML_LINK_DYLIBS_PREFIX = "-l";
				SFML_LINK_DYLIBS_SUFFIX = "";
				SFML_LINK_FRAMEWORKS_PREFIX = "-framework";
				SFML_LINK_FRAMEWORKS_SUFFIX = "";
				SFML_LINK_PREFIX = "$(SFML_LINK_$(SFML_BINARY_TYPE)_PREFIX)";
				SFML_LINK_SUFFIX = "$(SFML_LINK_$(SFML_BINARY_TYPE)_SUFFIX)";
				SFML_NETWORK = "$(SFML_LINK_PREFIX) sfml-network$(SFML_LINK_SUFFIX)";
				SFML_SYSTEM = "$(SFML_LINK_PREFIX) sfml-system$(SFML_LINK_SUFFIX)";
				SFML_WINDOW = "$(SFML_LINK_PREFIX) sfml-window$(SFML_LINK_SUFFIX)";
				SUPPORTED_PLATFORMS = macosx;
			};
			name = Release;
		};
		50FA702628D13043007E1D87 /* Debug */ = {
			isa = XCBuildConfiguration;
			buildSettings = {
				CLANG_ENABLE_OBJC_WEAK = YES;
				CODE_SIGN_ENTITLEMENTS = Timber/Timber.entitlements;
				CODE_SIGN_IDENTITY = "-";
				CODE_SIGN_STYLE = Automatic;
				DEAD_CODE_STRIPPING = YES;
				DEVELOPMENT_TEAM = Z6783A24XK;
				ENABLE_HARDENED_RUNTIME = YES;
				HEADER_SEARCH_PATHS = (
					/usr/local/include/,
					"$(inherited)",
					"$(SRCROOT)/SFML/include/",
				);
				INFOPLIST_FILE = "Timber/Timber-Info.plist";
				LD_RUNPATH_SEARCH_PATHS = "@loader_path/../Frameworks";
				LIBRARY_SEARCH_PATHS = (
					"$(inherited)",
					"$(PROJECT_DIR)/SFML/lib",
				);
				PRODUCT_BUNDLE_IDENTIFIER = "dev.${PRODUCT_NAME:rfc1034identifier}";
				PRODUCT_NAME = "$(TARGET_NAME)";
			};
			name = Debug;
		};
		50FA702728D13043007E1D87 /* Release */ = {
			isa = XCBuildConfiguration;
			buildSettings = {
				CLANG_ENABLE_OBJC_WEAK = YES;
				CODE_SIGN_ENTITLEMENTS = Timber/Timber.entitlements;
				CODE_SIGN_IDENTITY = "-";
				CODE_SIGN_STYLE = Automatic;
				DEAD_CODE_STRIPPING = YES;
				DEVELOPMENT_TEAM = Z6783A24XK;
				ENABLE_HARDENED_RUNTIME = YES;
				HEADER_SEARCH_PATHS = (
					/usr/local/include/,
					"$(inherited)",
					"$(SRCROOT)/SFML/include/",
				);
				INFOPLIST_FILE = "Timber/Timber-Info.plist";
				LD_RUNPATH_SEARCH_PATHS = "@loader_path/../Frameworks";
				LIBRARY_SEARCH_PATHS = (
					"$(inherited)",
					"$(PROJECT_DIR)/SFML/lib",
				);
				PRODUCT_BUNDLE_IDENTIFIER = "dev.${PRODUCT_NAME:rfc1034identifier}";
				PRODUCT_NAME = "$(TARGET_NAME)";
			};
			name = Release;
		};
/* End XCBuildConfiguration section */

/* Begin XCConfigurationList section */
		50FA700A28D13043007E1D87 /* Build configuration list for PBXProject "Timber" */ = {
			isa = XCConfigurationList;
			buildConfigurations = (
				50FA702328D13043007E1D87 /* Debug */,
				50FA702428D13043007E1D87 /* Release */,
			);
			defaultConfigurationIsVisible = 0;
			defaultConfigurationName = Release;
		};
		50FA702528D13043007E1D87 /* Build configuration list for PBXNativeTarget "Timber" */ = {
			isa = XCConfigurationList;
			buildConfigurations = (
				50FA702628D13043007E1D87 /* Debug */,
				50FA702728D13043007E1D87 /* Release */,
			);
			defaultConfigurationIsVisible = 0;
			defaultConfigurationName = Release;
		};
/* End XCConfigurationList section */
	};
	rootObject = 50FA700728D13043007E1D87 /* Project object */;
}
